
Microsoft Visual Studio Solution File, Format Version 12.00
# Visual Studio Version 17
VisualStudioVersion = 17.4.33213.308
MinimumVisualStudioVersion = 10.0.40219.1
Project("{FAE04EC0-301F-11D3-BF4B-00C04F79EFBC}") = "tft-module", "tft-module\tft-module.csproj", "{063FF5B3-D3BF-42F0-ADD6-65916D66BA2A}"
EndProject
Global
	GlobalSection(SolutionConfigurationPlatforms) = preSolution
		Debug|Any CPU = Debug|Any CPU
		Release|Any CPU = Release|Any CPU
	EndGlobalSection
	GlobalSection(ProjectConfigurationPlatforms) = postSolution
		{063FF5B3-D3BF-42F0-ADD6-65916D66BA2A}.Debug|Any CPU.ActiveCfg = Debug|Any CPU
		{063FF5B3-D3BF-42F0-ADD6-65916D66BA2A}.Debug|Any CPU.Build.0 = Debug|Any CPU
		{063FF5B3-D3BF-42F0-ADD6-65916D66BA2A}.Release|Any CPU.ActiveCfg = Release|Any CPU
		{063FF5B3-D3BF-42F0-ADD6-65916D66BA2A}.Release|Any CPU.Build.0 = Release|Any CPU
	EndGlobalSection
	GlobalSection(SolutionProperties) = preSolution
		HideSolutionNode = FALSE
	EndGlobalSection
	GlobalSection(ExtensibilityGlobals) = postSolution
		SolutionGuid = {D864F9A9-3C2E-4AE2-B0B9-8DC2C26D8B48}
	EndGlobalSection
EndGlobal
